
Microsoft Visual Studio Solution File, Format Version 12.00
# Visual Studio 14
VisualStudioVersion = 14.0.25420.1
MinimumVisualStudioVersion = 10.0.40219.1
Project("{FAE04EC0-301F-11D3-BF4B-00C04F79EFBC}") = "App", "App\App.csproj", "{E5C42CB6-DFF3-46DE-A0C5-3E0262D07F59}"
EndProject
Project("{FAE04EC0-301F-11D3-BF4B-00C04F79EFBC}") = "DbAccess", "DbAccess\DbAccess.csproj", "{A86D84B8-4B51-4D68-8CD9-9154D6055E0A}"
EndProject
Global
	GlobalSection(SolutionConfigurationPlatforms) = preSolution
		Debug|Any CPU = Debug|Any CPU
		Release|Any CPU = Release|Any CPU
	EndGlobalSection
	GlobalSection(ProjectConfigurationPlatforms) = postSolution
		{E5C42CB6-DFF3-46DE-A0C5-3E0262D07F59}.Debug|Any CPU.ActiveCfg = Debug|Any CPU
		{E5C42CB6-DFF3-46DE-A0C5-3E0262D07F59}.Debug|Any CPU.Build.0 = Debug|Any CPU
		{E5C42CB6-DFF3-46DE-A0C5-3E0262D07F59}.Release|Any CPU.ActiveCfg = Release|Any CPU
		{E5C42CB6-DFF3-46DE-A0C5-3E0262D07F59}.Release|Any CPU.Build.0 = Release|Any CPU
		{A86D84B8-4B51-4D68-8CD9-9154D6055E0A}.Debug|Any CPU.ActiveCfg = Debug|Any CPU
		{A86D84B8-4B51-4D68-8CD9-9154D6055E0A}.Debug|Any CPU.Build.0 = Debug|Any CPU
		{A86D84B8-4B51-4D68-8CD9-9154D6055E0A}.Release|Any CPU.ActiveCfg = Release|Any CPU
		{A86D84B8-4B51-4D68-8CD9-9154D6055E0A}.Release|Any CPU.Build.0 = Release|Any CPU
	EndGlobalSection
	GlobalSection(SolutionProperties) = preSolution
		HideSolutionNode = FALSE
	EndGlobalSection
EndGlobal
